gcr.io/distroless/cc-debian13 gcr.io/distroless/cc-debian13@sha256:4594d59540d1948417f6ca2829ddd9294493a7c68b7528f4dd459de7f203a750
gcr.io/distroless/cc-debian12 gcr.io/distroless/cc-debian12@sha256:e5d81ddde149641e2a9ba55be4545bc125c67de07508b03ba4c22e6eb0ded5aa
gcr.io/distroless/base-debian13 gcr.io/distroless/base-debian13@sha256:0ebad3510af52aefe45045cc01b07564570be4feecf8d9f93d3a05d1b5f2f93b
ubuntu:26.04 ubuntu@sha256:da6fc2be547864451aa253836dd926da33623312df4a9a243e35dc877c378a78
ubuntu:24.04 ubuntu@sha256:008173c23f95b170204355c12626cb5a965d779a7e1283b09e9cffbb1bf33ca3
